
Microsoft Visual Studio Solution File, Format Version 12.00
# Visual Studio Version 17
VisualStudioVersion = 17.7.34003.232
MinimumVisualStudioVersion = 10.0.40219.1
Project("{FAE04EC0-301F-11D3-BF4B-00C04F79EFBC}") = "TA20_10_sgallego", "TA20_10_sgallego\TA20_10_sgallego.csproj", "{D826E1E5-E4DA-48EC-9002-8AD847C621BB}"
EndProject
Global
	GlobalSection(SolutionConfigurationPlatforms) = preSolution
		Debug|Any CPU = Debug|Any CPU
		Release|Any CPU = Release|Any CPU
	EndGlobalSection
	GlobalSection(ProjectConfigurationPlatforms) = postSolution
		{D826E1E5-E4DA-48EC-9002-8AD847C621BB}.Debug|Any CPU.ActiveCfg = Debug|Any CPU
		{D826E1E5-E4DA-48EC-9002-8AD847C621BB}.Debug|Any CPU.Build.0 = Debug|Any CPU
		{D826E1E5-E4DA-48EC-9002-8AD847C621BB}.Release|Any CPU.ActiveCfg = Release|Any CPU
		{D826E1E5-E4DA-48EC-9002-8AD847C621BB}.Release|Any CPU.Build.0 = Release|Any CPU
	EndGlobalSection
	GlobalSection(SolutionProperties) = preSolution
		HideSolutionNode = FALSE
	EndGlobalSection
	GlobalSection(ExtensibilityGlobals) = postSolution
		SolutionGuid = {3491AEAB-4631-48A7-B271-6343EA6C4823}
	EndGlobalSection
EndGlobal
