
Microsoft Visual Studio Solution File, Format Version 12.00
# Visual Studio Version 17
VisualStudioVersion = 17.7.34003.232
MinimumVisualStudioVersion = 10.0.40219.1
Project("{FAE04EC0-301F-11D3-BF4B-00C04F79EFBC}") = "TA20_9_sgallego", "TA20_9_sgallego\TA20_9_sgallego.csproj", "{AC889D3C-6780-4993-AD68-A7C707BE8CED}"
EndProject
Global
	GlobalSection(SolutionConfigurationPlatforms) = preSolution
		Debug|Any CPU = Debug|Any CPU
		Release|Any CPU = Release|Any CPU
	EndGlobalSection
	GlobalSection(ProjectConfigurationPlatforms) = postSolution
		{AC889D3C-6780-4993-AD68-A7C707BE8CED}.Debug|Any CPU.ActiveCfg = Debug|Any CPU
		{AC889D3C-6780-4993-AD68-A7C707BE8CED}.Debug|Any CPU.Build.0 = Debug|Any CPU
		{AC889D3C-6780-4993-AD68-A7C707BE8CED}.Release|Any CPU.ActiveCfg = Release|Any CPU
		{AC889D3C-6780-4993-AD68-A7C707BE8CED}.Release|Any CPU.Build.0 = Release|Any CPU
	EndGlobalSection
	GlobalSection(SolutionProperties) = preSolution
		HideSolutionNode = FALSE
	EndGlobalSection
	GlobalSection(ExtensibilityGlobals) = postSolution
		SolutionGuid = {C6485F66-7893-4C94-8EBE-6653BF2D2FCD}
	EndGlobalSection
EndGlobal
