
Microsoft Visual Studio Solution File, Format Version 12.00
# Visual Studio Version 17
VisualStudioVersion = 17.7.34003.232
MinimumVisualStudioVersion = 10.0.40219.1
Project("{FAE04EC0-301F-11D3-BF4B-00C04F79EFBC}") = "TA20_7_sgallego", "TA20_7_sgallego\TA20_7_sgallego.csproj", "{F6A6EAAD-E132-49DF-907A-061C8AE3DF53}"
EndProject
Global
	GlobalSection(SolutionConfigurationPlatforms) = preSolution
		Debug|Any CPU = Debug|Any CPU
		Release|Any CPU = Release|Any CPU
	EndGlobalSection
	GlobalSection(ProjectConfigurationPlatforms) = postSolution
		{F6A6EAAD-E132-49DF-907A-061C8AE3DF53}.Debug|Any CPU.ActiveCfg = Debug|Any CPU
		{F6A6EAAD-E132-49DF-907A-061C8AE3DF53}.Debug|Any CPU.Build.0 = Debug|Any CPU
		{F6A6EAAD-E132-49DF-907A-061C8AE3DF53}.Release|Any CPU.ActiveCfg = Release|Any CPU
		{F6A6EAAD-E132-49DF-907A-061C8AE3DF53}.Release|Any CPU.Build.0 = Release|Any CPU
	EndGlobalSection
	GlobalSection(SolutionProperties) = preSolution
		HideSolutionNode = FALSE
	EndGlobalSection
	GlobalSection(ExtensibilityGlobals) = postSolution
		SolutionGuid = {9812D900-F3A3-43C9-9D1E-95BAF5AF85D2}
	EndGlobalSection
EndGlobal
