
Microsoft Visual Studio Solution File, Format Version 12.00
# Visual Studio Version 17
VisualStudioVersion = 17.7.34003.232
MinimumVisualStudioVersion = 10.0.40219.1
Project("{FAE04EC0-301F-11D3-BF4B-00C04F79EFBC}") = "TA20_23_sgallego", "TA20_23_sgallego\TA20_23_sgallego.csproj", "{08CEE90C-A508-4AB2-A5B6-8B8A5B0FC8CF}"
EndProject
Global
	GlobalSection(SolutionConfigurationPlatforms) = preSolution
		Debug|Any CPU = Debug|Any CPU
		Release|Any CPU = Release|Any CPU
	EndGlobalSection
	GlobalSection(ProjectConfigurationPlatforms) = postSolution
		{08CEE90C-A508-4AB2-A5B6-8B8A5B0FC8CF}.Debug|Any CPU.ActiveCfg = Debug|Any CPU
		{08CEE90C-A508-4AB2-A5B6-8B8A5B0FC8CF}.Debug|Any CPU.Build.0 = Debug|Any CPU
		{08CEE90C-A508-4AB2-A5B6-8B8A5B0FC8CF}.Release|Any CPU.ActiveCfg = Release|Any CPU
		{08CEE90C-A508-4AB2-A5B6-8B8A5B0FC8CF}.Release|Any CPU.Build.0 = Release|Any CPU
	EndGlobalSection
	GlobalSection(SolutionProperties) = preSolution
		HideSolutionNode = FALSE
	EndGlobalSection
	GlobalSection(ExtensibilityGlobals) = postSolution
		SolutionGuid = {D033A354-B070-4B76-A7D1-43B1542491D7}
	EndGlobalSection
EndGlobal
