
Microsoft Visual Studio Solution File, Format Version 12.00
# Visual Studio Version 17
VisualStudioVersion = 17.7.34003.232
MinimumVisualStudioVersion = 10.0.40219.1
Project("{FAE04EC0-301F-11D3-BF4B-00C04F79EFBC}") = "TA20_19_sgallego", "TA20_19_sgallego\TA20_19_sgallego.csproj", "{3591A3BD-8847-40E2-9A1C-7E5BAF3D158A}"
EndProject
Global
	GlobalSection(SolutionConfigurationPlatforms) = preSolution
		Debug|Any CPU = Debug|Any CPU
		Release|Any CPU = Release|Any CPU
	EndGlobalSection
	GlobalSection(ProjectConfigurationPlatforms) = postSolution
		{3591A3BD-8847-40E2-9A1C-7E5BAF3D158A}.Debug|Any CPU.ActiveCfg = Debug|Any CPU
		{3591A3BD-8847-40E2-9A1C-7E5BAF3D158A}.Debug|Any CPU.Build.0 = Debug|Any CPU
		{3591A3BD-8847-40E2-9A1C-7E5BAF3D158A}.Release|Any CPU.ActiveCfg = Release|Any CPU
		{3591A3BD-8847-40E2-9A1C-7E5BAF3D158A}.Release|Any CPU.Build.0 = Release|Any CPU
	EndGlobalSection
	GlobalSection(SolutionProperties) = preSolution
		HideSolutionNode = FALSE
	EndGlobalSection
	GlobalSection(ExtensibilityGlobals) = postSolution
		SolutionGuid = {A5F7AD49-AFCC-4ECB-8B4F-77029C3D16B3}
	EndGlobalSection
EndGlobal
